lockfileVersion: '9.0'

settings:
  autoInstallPeers: true
  excludeLinksFromLockfile: false

importers:

  .:
    dependencies:
      '@azure/functions':
        specifier: ^4.6.0
        version: 4.12.0
      '@storybook/mcp':
        specifier: ^0.6.2
        version: 0.6.2(typescript@5.9.3)
    devDependencies:
      typescript:
        specifier: ^5.0.0
        version: 5.9.3

packages:

  '@azure/functions-extensions-base@0.2.0':
    resolution: {integrity: sha512-ncCkHBNQYJa93dBIh+toH0v1iSgCzSo9tr94s6SMBe7DPWREkaWh8cq33A5P4rPSFX1g5W+3SPvIzDr/6/VOWQ==}
    engines: {node: '>=18.0'}

  '@azure/functions@4.12.0':
    resolution: {integrity: sha512-aHBSvEDHOUhLhkivPiotoYfE6WPZdutv9OnXEkSqYtyWjbf1k/DoQ/Z9swqIbyaBSvh2xOR8ARKj5CR/2jqEOw==}
    engines: {node: '>=20.0'}

  '@standard-schema/spec@1.1.0':
    resolution: {integrity: sha512-l2aFy5jALhniG5HgqrD6jXLi/rUWrKvqN/qJx6yoJsgKhblVd+iqqU4RCXavm/jPityDo5TCvKMnpjKnOriy0w==}

  '@storybook/mcp@0.6.2':
    resolution: {integrity: sha512-zND9XHI2G4+sjpcxx79AZOg3ShWAA8Kj1W+GS+URT40l8Bml1t9K/72/Juco1uxAkh7+uxybR5OR0lPmg1kGUg==}

  '@tmcp/adapter-valibot@0.1.5':
    resolution: {integrity: sha512-9P2wrVYPngemNK0UvPb/opC722/jfd09QxXmme1TRp/wPsl98vpSk/MXt24BCMqBRv4Dvs0xxJH4KHDcjXW52Q==}
    peerDependencies:
      tmcp: ^1.17.0
      valibot: ^1.1.0

  '@tmcp/session-manager@0.2.1':
    resolution: {integrity: sha512-DOGy9LfufXCy1wfpGHZ6qPSDQtRnTVwOb71+41ffovTqzLMZlK3iLK/LIsekHxIiku+iIAUiqEKN+DHbqEm8IA==}
    peerDependencies:
      tmcp: ^1.16.3

  '@tmcp/transport-http@0.8.5':
    resolution: {integrity: sha512-qQLqiCTtbxtTSswqOn/782df7O57RxI/yLUtCDQ++kHEhbmDUc8glmmtGJ3mrb7yPSPoM5VF2Pc2Q5cA6quzLA==}
    peerDependencies:
      '@tmcp/auth': ^0.3.3 || ^0.4.0
      tmcp: ^1.18.0
    peerDependenciesMeta:
      '@tmcp/auth':
        optional: true

  '@valibot/to-json-schema@1.6.0':
    resolution: {integrity: sha512-d6rYyK5KVa2XdqamWgZ4/Nr+cXhxjy7lmpe6Iajw15J/jmU+gyxl2IEd1Otg1d7Rl3gOQL5reulnSypzBtYy1A==}
    peerDependencies:
      valibot: ^1.3.0

  cookie@0.7.2:
    resolution: {integrity: sha512-yki5XnKuf750l50uGTllt6kKILY4nQ1eNIQatoXEByZ5dWgnKqbnqmTrBE5B4N7lrMJKQ2ytWMiTO2o0v6Ew/w==}
    engines: {node: '>= 0.6'}

  esm-env@1.2.2:
    resolution: {integrity: sha512-Epxrv+Nr/CaL4ZcFGPJIYLWFom+YeV1DqMLHJoEd9SYRxNbaFruBwfEX/kkHUJf55j2+TUbmDcmuilbP1TmXHA==}

  json-rpc-2.0@1.7.1:
    resolution: {integrity: sha512-JqZjhjAanbpkXIzFE7u8mE/iFblawwlXtONaCvRqI+pyABVz7B4M1EUNpyVW+dZjqgQ2L5HFmZCmOCgUKm00hg==}

  sqids@0.3.0:
    resolution: {integrity: sha512-lOQK1ucVg+W6n3FhRwwSeUijxe93b51Bfz5PMRMihVf1iVkl82ePQG7V5vwrhzB11v0NtsR25PSZRGiSomJaJw==}

  tmcp@1.19.3:
    resolution: {integrity: sha512-plz/TLKNFrdfQN32LjCTN6ULy6pynfGPgHcU7KGCI5dBrxQ9Mub99SmcYuzxEkLjJooQuOD3gosSwZEl1htOtw==}

  typescript@5.9.3:
    resolution: {integrity: sha512-jl1vZzPDinLr9eUt3J/t7V6FgNEw9QjvBPdysz9KfQDD41fQrC2Y4vKQdiaUpFT4bXlb1RHhLpp8wtm6M5TgSw==}
    engines: {node: '>=14.17'}
    hasBin: true

  uri-template-matcher@1.1.2:
    resolution: {integrity: sha512-uZc1h12jdO3m/R77SfTEOuo6VbMhgWznaawKpBjRGSJb7i91x5PgI37NQJtG+Cerxkk0yr1pylBY2qG1kQ+aEQ==}

  valibot@1.2.0:
    resolution: {integrity: sha512-mm1rxUsmOxzrwnX5arGS+U4T25RdvpPjPN4yR0u9pUBov9+zGVtO84tif1eY4r6zWxVxu3KzIyknJy3rxfRZZg==}
    peerDependencies:
      typescript: '>=5'
    peerDependenciesMeta:
      typescript:
        optional: true

snapshots:

  '@azure/functions-extensions-base@0.2.0': {}

  '@azure/functions@4.12.0':
    dependencies:
      '@azure/functions-extensions-base': 0.2.0
      cookie: 0.7.2

  '@standard-schema/spec@1.1.0': {}

  '@storybook/mcp@0.6.2(typescript@5.9.3)':
    dependencies:
      '@tmcp/adapter-valibot': 0.1.5(tmcp@1.19.3(typescript@5.9.3))(valibot@1.2.0(typescript@5.9.3))
      '@tmcp/transport-http': 0.8.5(tmcp@1.19.3(typescript@5.9.3))
      tmcp: 1.19.3(typescript@5.9.3)
      valibot: 1.2.0(typescript@5.9.3)
    transitivePeerDependencies:
      - '@tmcp/auth'
      - typescript

  '@tmcp/adapter-valibot@0.1.5(tmcp@1.19.3(typescript@5.9.3))(valibot@1.2.0(typescript@5.9.3))':
    dependencies:
      '@standard-schema/spec': 1.1.0
      '@valibot/to-json-schema': 1.6.0(valibot@1.2.0(typescript@5.9.3))
      tmcp: 1.19.3(typescript@5.9.3)
      valibot: 1.2.0(typescript@5.9.3)

  '@tmcp/session-manager@0.2.1(tmcp@1.19.3(typescript@5.9.3))':
    dependencies:
      tmcp: 1.19.3(typescript@5.9.3)

  '@tmcp/transport-http@0.8.5(tmcp@1.19.3(typescript@5.9.3))':
    dependencies:
      '@tmcp/session-manager': 0.2.1(tmcp@1.19.3(typescript@5.9.3))
      esm-env: 1.2.2
      tmcp: 1.19.3(typescript@5.9.3)

  '@valibot/to-json-schema@1.6.0(valibot@1.2.0(typescript@5.9.3))':
    dependencies:
      valibot: 1.2.0(typescript@5.9.3)

  cookie@0.7.2: {}

  esm-env@1.2.2: {}

  json-rpc-2.0@1.7.1: {}

  sqids@0.3.0: {}

  tmcp@1.19.3(typescript@5.9.3):
    dependencies:
      '@standard-schema/spec': 1.1.0
      json-rpc-2.0: 1.7.1
      sqids: 0.3.0
      uri-template-matcher: 1.1.2
      valibot: 1.2.0(typescript@5.9.3)
    transitivePeerDependencies:
      - typescript

  typescript@5.9.3: {}

  uri-template-matcher@1.1.2: {}

  valibot@1.2.0(typescript@5.9.3):
    optionalDependencies:
      typescript: 5.9.3
